
Microsoft Visual Studio Solution File, Format Version 12.00
Project("{FAE04EC0-301F-11D3-BF4B-00C04F79EFBC}") = "ConsoleApp", "ConsoleApp\ConsoleApp.csproj", "{4709660B-D39F-484E-BC5B-9B8DFCAFEF62}"
EndProject
Project("{FAE04EC0-301F-11D3-BF4B-00C04F79EFBC}") = "ConsoleUI", "ConsoleUI\ConsoleUI.csproj", "{E9939024-004D-466E-8467-970DBE2F0D45}"
EndProject
Project("{FAE04EC0-301F-11D3-BF4B-00C04F79EFBC}") = "GameEngine", "GameEngine\GameEngine.csproj", "{413C1150-3479-4AE1-B64A-F5B243A0700F}"
EndProject
Project("{FAE04EC0-301F-11D3-BF4B-00C04F79EFBC}") = "MenuSystem", "MenuSystem\MenuSystem.csproj", "{D18B6AF5-E90C-41C8-B100-C08B2E83E02B}"
EndProject
Project("{FAE04EC0-301F-11D3-BF4B-00C04F79EFBC}") = "DAL", "DAL\DAL.csproj", "{C636AE75-BB04-4C88-9CFF-83F61200190B}"
EndProject
Project("{2150E333-8FDC-42A3-9474-1A3956D46DE8}") = "Connect4", "Connect4", "{A200264B-E0D4-470F-95E5-3678961636FE}"
EndProject
Project("{FAE04EC0-301F-11D3-BF4B-00C04F79EFBC}") = "DOMAIN", "DOMAIN\DOMAIN.csproj", "{8A1C15AB-D62C-40AA-B1B5-DE39E8D3DE83}"
EndProject
Global
	GlobalSection(SolutionConfigurationPlatforms) = preSolution
		Debug|Any CPU = Debug|Any CPU
		Release|Any CPU = Release|Any CPU
	EndGlobalSection
	GlobalSection(ProjectConfigurationPlatforms) = postSolution
		{4709660B-D39F-484E-BC5B-9B8DFCAFEF62}.Debug|Any CPU.ActiveCfg = Debug|Any CPU
		{4709660B-D39F-484E-BC5B-9B8DFCAFEF62}.Debug|Any CPU.Build.0 = Debug|Any CPU
		{4709660B-D39F-484E-BC5B-9B8DFCAFEF62}.Release|Any CPU.ActiveCfg = Release|Any CPU
		{4709660B-D39F-484E-BC5B-9B8DFCAFEF62}.Release|Any CPU.Build.0 = Release|Any CPU
		{E9939024-004D-466E-8467-970DBE2F0D45}.Debug|Any CPU.ActiveCfg = Debug|Any CPU
		{E9939024-004D-466E-8467-970DBE2F0D45}.Debug|Any CPU.Build.0 = Debug|Any CPU
		{E9939024-004D-466E-8467-970DBE2F0D45}.Release|Any CPU.ActiveCfg = Release|Any CPU
		{E9939024-004D-466E-8467-970DBE2F0D45}.Release|Any CPU.Build.0 = Release|Any CPU
		{413C1150-3479-4AE1-B64A-F5B243A0700F}.Debug|Any CPU.ActiveCfg = Debug|Any CPU
		{413C1150-3479-4AE1-B64A-F5B243A0700F}.Debug|Any CPU.Build.0 = Debug|Any CPU
		{413C1150-3479-4AE1-B64A-F5B243A0700F}.Release|Any CPU.ActiveCfg = Release|Any CPU
		{413C1150-3479-4AE1-B64A-F5B243A0700F}.Release|Any CPU.Build.0 = Release|Any CPU
		{D18B6AF5-E90C-41C8-B100-C08B2E83E02B}.Debug|Any CPU.ActiveCfg = Debug|Any CPU
		{D18B6AF5-E90C-41C8-B100-C08B2E83E02B}.Debug|Any CPU.Build.0 = Debug|Any CPU
		{D18B6AF5-E90C-41C8-B100-C08B2E83E02B}.Release|Any CPU.ActiveCfg = Release|Any CPU
		{D18B6AF5-E90C-41C8-B100-C08B2E83E02B}.Release|Any CPU.Build.0 = Release|Any CPU
		{C636AE75-BB04-4C88-9CFF-83F61200190B}.Debug|Any CPU.ActiveCfg = Debug|Any CPU
		{C636AE75-BB04-4C88-9CFF-83F61200190B}.Debug|Any CPU.Build.0 = Debug|Any CPU
		{C636AE75-BB04-4C88-9CFF-83F61200190B}.Release|Any CPU.ActiveCfg = Release|Any CPU
		{C636AE75-BB04-4C88-9CFF-83F61200190B}.Release|Any CPU.Build.0 = Release|Any CPU
		{8A1C15AB-D62C-40AA-B1B5-DE39E8D3DE83}.Debug|Any CPU.ActiveCfg = Debug|Any CPU
		{8A1C15AB-D62C-40AA-B1B5-DE39E8D3DE83}.Debug|Any CPU.Build.0 = Debug|Any CPU
		{8A1C15AB-D62C-40AA-B1B5-DE39E8D3DE83}.Release|Any CPU.ActiveCfg = Release|Any CPU
		{8A1C15AB-D62C-40AA-B1B5-DE39E8D3DE83}.Release|Any CPU.Build.0 = Release|Any CPU
	EndGlobalSection
	GlobalSection(NestedProjects) = preSolution
		{4709660B-D39F-484E-BC5B-9B8DFCAFEF62} = {A200264B-E0D4-470F-95E5-3678961636FE}
		{E9939024-004D-466E-8467-970DBE2F0D45} = {A200264B-E0D4-470F-95E5-3678961636FE}
		{C636AE75-BB04-4C88-9CFF-83F61200190B} = {A200264B-E0D4-470F-95E5-3678961636FE}
		{413C1150-3479-4AE1-B64A-F5B243A0700F} = {A200264B-E0D4-470F-95E5-3678961636FE}
		{D18B6AF5-E90C-41C8-B100-C08B2E83E02B} = {A200264B-E0D4-470F-95E5-3678961636FE}
		{8A1C15AB-D62C-40AA-B1B5-DE39E8D3DE83} = {A200264B-E0D4-470F-95E5-3678961636FE}
	EndGlobalSection
EndGlobal
